
Microsoft Visual Studio Solution File, Format Version 12.00
# Visual Studio Version 16
VisualStudioVersion = 16.0.31321.278
MinimumVisualStudioVersion = 10.0.40219.1
Project("{9A19103F-16F7-4668-BE54-9A1E7A4F7556}") = "helloworld", "helloworld\helloworld.csproj", "{91EDBACF-DA32-4DBD-B032-FE10FF109550}"
EndProject
Project("{2150E333-8FDC-42A3-9474-1A3956D46DE8}") = "Solution Items", "Solution Items", "{F2EF51F9-616C-46CC-B491-24DFBA9EE0C1}"
	ProjectSection(SolutionItems) = preProject
		.github\workflows\aws.yml = .github\workflows\aws.yml
		.github\workflows\task-definition.json = .github\workflows\task-definition.json
	EndProjectSection
EndProject
Global
	GlobalSection(SolutionConfigurationPlatforms) = preSolution
		Debug|Any CPU = Debug|Any CPU
		Release|Any CPU = Release|Any CPU
	EndGlobalSection
	GlobalSection(ProjectConfigurationPlatforms) = postSolution
		{91EDBACF-DA32-4DBD-B032-FE10FF109550}.Debug|Any CPU.ActiveCfg = Debug|Any CPU
		{91EDBACF-DA32-4DBD-B032-FE10FF109550}.Debug|Any CPU.Build.0 = Debug|Any CPU
		{91EDBACF-DA32-4DBD-B032-FE10FF109550}.Release|Any CPU.ActiveCfg = Release|Any CPU
		{91EDBACF-DA32-4DBD-B032-FE10FF109550}.Release|Any CPU.Build.0 = Release|Any CPU
	EndGlobalSection
	GlobalSection(SolutionProperties) = preSolution
		HideSolutionNode = FALSE
	EndGlobalSection
	GlobalSection(ExtensibilityGlobals) = postSolution
		SolutionGuid = {55E89684-1283-41FC-9108-6B5E2656215D}
	EndGlobalSection
EndGlobal
